
Microsoft Visual Studio Solution File, Format Version 12.00
# Visual Studio Version 17
VisualStudioVersion = 17.0.32014.148
MinimumVisualStudioVersion = 10.0.40219.1
Project("{FAE04EC0-301F-11D3-BF4B-00C04F79EFBC}") = "Credi_Gestion", "Credi_Gestion\Credi_Gestion.csproj", "{C98289DA-37F8-4904-8924-C8B851E68823}"
EndProject
Global
	GlobalSection(SolutionConfigurationPlatforms) = preSolution
		Debug|Any CPU = Debug|Any CPU
		Release|Any CPU = Release|Any CPU
	EndGlobalSection
	GlobalSection(ProjectConfigurationPlatforms) = postSolution
		{C98289DA-37F8-4904-8924-C8B851E68823}.Debug|Any CPU.ActiveCfg = Debug|Any CPU
		{C98289DA-37F8-4904-8924-C8B851E68823}.Debug|Any CPU.Build.0 = Debug|Any CPU
		{C98289DA-37F8-4904-8924-C8B851E68823}.Release|Any CPU.ActiveCfg = Release|Any CPU
		{C98289DA-37F8-4904-8924-C8B851E68823}.Release|Any CPU.Build.0 = Release|Any CPU
	EndGlobalSection
	GlobalSection(SolutionProperties) = preSolution
		HideSolutionNode = FALSE
	EndGlobalSection
	GlobalSection(ExtensibilityGlobals) = postSolution
		SolutionGuid = {62B3C2B4-E7B1-4B4A-A93B-EC61F4B414BA}
	EndGlobalSection
EndGlobal
